
Microsoft Visual Studio Solution File, Format Version 12.00
# Visual Studio Version 16
VisualStudioVersion = 16.0.31702.278
MinimumVisualStudioVersion = 10.0.40219.1
Project("{FAE04EC0-301F-11D3-BF4B-00C04F79EFBC}") = "Tickets", "Tickets\Tickets.csproj", "{227C6EE1-723C-4A80-BF0D-4F75C810BFCC}"
	ProjectSection(ProjectDependencies) = postProject
		{88D33BCA-37D1-438B-89C2-5191C664135E} = {88D33BCA-37D1-438B-89C2-5191C664135E}
	EndProjectSection
EndProject
Project("{FAE04EC0-301F-11D3-BF4B-00C04F79EFBC}") = "Logica", "Logica\Logica.csproj", "{88D33BCA-37D1-438B-89C2-5191C664135E}"
EndProject
Global
	GlobalSection(SolutionConfigurationPlatforms) = preSolution
		Debug|Any CPU = Debug|Any CPU
		Release|Any CPU = Release|Any CPU
	EndGlobalSection
	GlobalSection(ProjectConfigurationPlatforms) = postSolution
		{227C6EE1-723C-4A80-BF0D-4F75C810BFCC}.Debug|Any CPU.ActiveCfg = Debug|Any CPU
		{227C6EE1-723C-4A80-BF0D-4F75C810BFCC}.Debug|Any CPU.Build.0 = Debug|Any CPU
		{227C6EE1-723C-4A80-BF0D-4F75C810BFCC}.Release|Any CPU.ActiveCfg = Release|Any CPU
		{227C6EE1-723C-4A80-BF0D-4F75C810BFCC}.Release|Any CPU.Build.0 = Release|Any CPU
		{88D33BCA-37D1-438B-89C2-5191C664135E}.Debug|Any CPU.ActiveCfg = Debug|Any CPU
		{88D33BCA-37D1-438B-89C2-5191C664135E}.Debug|Any CPU.Build.0 = Debug|Any CPU
		{88D33BCA-37D1-438B-89C2-5191C664135E}.Release|Any CPU.ActiveCfg = Release|Any CPU
		{88D33BCA-37D1-438B-89C2-5191C664135E}.Release|Any CPU.Build.0 = Release|Any CPU
	EndGlobalSection
	GlobalSection(SolutionProperties) = preSolution
		HideSolutionNode = FALSE
	EndGlobalSection
	GlobalSection(ExtensibilityGlobals) = postSolution
		SolutionGuid = {6F109FEB-374F-4ABE-9D00-E26020FD07D6}
	EndGlobalSection
EndGlobal
